
Microsoft Visual Studio Solution File, Format Version 12.00
# Visual Studio Version 16
VisualStudioVersion = 16.0.29201.188
MinimumVisualStudioVersion = 10.0.40219.1
Project("{FAE04EC0-301F-11D3-BF4B-00C04F79EFBC}") = "Kunin_Prakt_6", "Kunin_Prakt_6.csproj", "{F419074D-F479-4280-B8B3-EAABD24C0B67}"
EndProject
Global
	GlobalSection(SolutionConfigurationPlatforms) = preSolution
		Debug|Any CPU = Debug|Any CPU
		Release|Any CPU = Release|Any CPU
	EndGlobalSection
	GlobalSection(ProjectConfigurationPlatforms) = postSolution
		{F419074D-F479-4280-B8B3-EAABD24C0B67}.Debug|Any CPU.ActiveCfg = Debug|Any CPU
		{F419074D-F479-4280-B8B3-EAABD24C0B67}.Debug|Any CPU.Build.0 = Debug|Any CPU
		{F419074D-F479-4280-B8B3-EAABD24C0B67}.Release|Any CPU.ActiveCfg = Release|Any CPU
		{F419074D-F479-4280-B8B3-EAABD24C0B67}.Release|Any CPU.Build.0 = Release|Any CPU
	EndGlobalSection
	GlobalSection(SolutionProperties) = preSolution
		HideSolutionNode = FALSE
	EndGlobalSection
	GlobalSection(ExtensibilityGlobals) = postSolution
		SolutionGuid = {9C81A4FA-64E1-4717-A73B-C833C3B2290D}
	EndGlobalSection
EndGlobal
